Microsoft Visual Studio Solution File, Format Version 12.00
# Visual Studio Version 17
VisualStudioVersion = 17.5.2.0
MinimumVisualStudioVersion = 10.0.40219.1
Project("{FAE04EC0-301F-11D3-BF4B-00C04F79EFBC}") = "EduConnect.API", "EduConnect.API\EduConnect.API.csproj", "{873C29CE-6847-0593-BE57-79E11ED7FB45}"
EndProject
Global
	GlobalSection(SolutionConfigurationPlatforms) = preSolution
		Debug|Any CPU = Debug|Any CPU
		Release|Any CPU = Release|Any CPU
	EndGlobalSection
	GlobalSection(ProjectConfigurationPlatforms) = postSolution
		{873C29CE-6847-0593-BE57-79E11ED7FB45}.Debug|Any CPU.ActiveCfg = Debug|Any CPU
		{873C29CE-6847-0593-BE57-79E11ED7FB45}.Debug|Any CPU.Build.0 = Debug|Any CPU
		{873C29CE-6847-0593-BE57-79E11ED7FB45}.Release|Any CPU.ActiveCfg = Release|Any CPU
		{873C29CE-6847-0593-BE57-79E11ED7FB45}.Release|Any CPU.Build.0 = Release|Any CPU
	EndGlobalSection
	GlobalSection(SolutionProperties) = preSolution
		HideSolutionNode = FALSE
	EndGlobalSection
	GlobalSection(ExtensibilityGlobals) = postSolution
		SolutionGuid = {E6E84CE2-DE3E-4765-8248-C2C4C5F3F284}
	EndGlobalSection
EndGlobal
